
Microsoft Visual Studio Solution File, Format Version 12.00
# Visual Studio Version 16
VisualStudioVersion = 16.0.29911.84
MinimumVisualStudioVersion = 10.0.40219.1
Project("{9A19103F-16F7-4668-BE54-9A1E7A4F7556}") = "Prueba1", "Prueba1\Prueba1.csproj", "{74427AE2-FD4A-4557-A363-95A3B2B0D451}"
EndProject
Global
	GlobalSection(SolutionConfigurationPlatforms) = preSolution
		Debug|Any CPU = Debug|Any CPU
		Release|Any CPU = Release|Any CPU
	EndGlobalSection
	GlobalSection(ProjectConfigurationPlatforms) = postSolution
		{74427AE2-FD4A-4557-A363-95A3B2B0D451}.Debug|Any CPU.ActiveCfg = Debug|Any CPU
		{74427AE2-FD4A-4557-A363-95A3B2B0D451}.Debug|Any CPU.Build.0 = Debug|Any CPU
		{74427AE2-FD4A-4557-A363-95A3B2B0D451}.Release|Any CPU.ActiveCfg = Release|Any CPU
		{74427AE2-FD4A-4557-A363-95A3B2B0D451}.Release|Any CPU.Build.0 = Release|Any CPU
	EndGlobalSection
	GlobalSection(SolutionProperties) = preSolution
		HideSolutionNode = FALSE
	EndGlobalSection
	GlobalSection(ExtensibilityGlobals) = postSolution
		SolutionGuid = {A32E8CAC-57CB-49B4-874A-D7E3542B0B48}
	EndGlobalSection
	GlobalSection(NDepend) = preSolution
		Project = ".\Prueba1.ndproj"
	EndGlobalSection
EndGlobal
